
Microsoft Visual Studio Solution File, Format Version 12.00
# Visual Studio Version 16
VisualStudioVersion = 16.0.29521.150
MinimumVisualStudioVersion = 10.0.40219.1
Project("{9A19103F-16F7-4668-BE54-9A1E7A4F7556}") = "Sextant", "Sextant\Sextant.csproj", "{D6B84899-4AFC-4E6C-9C3F-005F21DF5A52}"
EndProject
Project("{9A19103F-16F7-4668-BE54-9A1E7A4F7556}") = "Sextant.Tests", "Sextant.Tests\Sextant.Tests.csproj", "{DA6A30AC-CCA5-40BA-94A1-93E142E06515}"
EndProject
Project("{2150E333-8FDC-42A3-9474-1A3956D46DE8}") = "Solution Items", "Solution Items", "{B1DD0155-5421-430D-B1F3-270EFCD5EE04}"
	ProjectSection(SolutionItems) = preProject
		analyzers.ruleset = analyzers.ruleset
		ApiGeneratorGlobalSuppressions.cs = ApiGeneratorGlobalSuppressions.cs
		..\.github\workflows\ci-build.yml = ..\.github\workflows\ci-build.yml
		Directory.build.props = Directory.build.props
		Directory.build.targets = Directory.build.targets
		global.json = global.json
		stylecop.json = stylecop.json
		..\build.cake = ..\build.cake
	EndProjectSection
EndProject
Project("{9A19103F-16F7-4668-BE54-9A1E7A4F7556}") = "Sextant.XamForms", "Sextant.XamForms\Sextant.XamForms.csproj", "{91D39618-AF73-4A28-9145-2DAC63437762}"
EndProject
Project("{9A19103F-16F7-4668-BE54-9A1E7A4F7556}") = "Sextant.XamForms.Tests", "Sextant.XamForms.Tests\Sextant.XamForms.Tests.csproj", "{1A8F7E6B-F9EE-46A7-ABB2-F09E7784B1BD}"
EndProject
Project("{9A19103F-16F7-4668-BE54-9A1E7A4F7556}") = "Sextant.Mocks", "Sextant.Mocks\Sextant.Mocks.csproj", "{07C90E5B-858E-4EB2-948B-8D0A698F439B}"
EndProject
Project("{2150E333-8FDC-42A3-9474-1A3956D46DE8}") = "tests", "tests", "{42173B56-0F72-4E8E-828F-4289222C8BB4}"
EndProject
Project("{9A19103F-16F7-4668-BE54-9A1E7A4F7556}") = "Sextant.Plugins.Popup", "Sextant.Plugins.Popup\Sextant.Plugins.Popup.csproj", "{C863B0F3-46AF-46A3-93E9-5B1CEFA18896}"
EndProject
Project("{9A19103F-16F7-4668-BE54-9A1E7A4F7556}") = "Sextant.Plugins.Popup.Tests", "Sextant.Plugins.Popup.Tests\Sextant.Plugins.Popup.Tests.csproj", "{BD186721-EE51-40B2-A546-91EDDE122998}"
EndProject
Project("{FAE04EC0-301F-11D3-BF4B-00C04F79EFBC}") = "Sextant.Avalonia", "Sextant.Avalonia\Sextant.Avalonia.csproj", "{A91CDEEB-C4D5-402B-9B42-D91E0151F30E}"
EndProject
Project("{FAE04EC0-301F-11D3-BF4B-00C04F79EFBC}") = "Sextant.Blazor", "Sextant.Blazor\Sextant.Blazor.csproj", "{A4E8994A-3C32-4800-9424-3704D5DCFB9A}"
EndProject
Project("{FAE04EC0-301F-11D3-BF4B-00C04F79EFBC}") = "SextantSample.BlazorClientSide", "..\Sample\SextantSample.BlazorClientSide\SextantSample.BlazorClientSide.csproj", "{4A80AAED-0991-4AF0-9DFB-BCD6156A54CA}"
EndProject
Project("{FAE04EC0-301F-11D3-BF4B-00C04F79EFBC}") = "SextantSample.BlazorServerSide", "..\Sample\SextantSample.BlazorServerSide\SextantSample.BlazorServerSide.csproj", "{7A5366E5-E733-497D-BD2D-9429C71E2FA9}"
EndProject
Project("{FAE04EC0-301F-11D3-BF4B-00C04F79EFBC}") = "Sextant.Blazor.Tests", "Sextant.Blazor.Tests\Sextant.Blazor.Tests.csproj", "{A9CA4415-348A-4E2E-9EB1-3892BF9EFF32}"
EndProject
Project("{FAE04EC0-301F-11D3-BF4B-00C04F79EFBC}") = "Sextant.iOS.Runner", "Sextant.iOS.Runner\Sextant.iOS.Runner.csproj", "{80A96B52-6758-4BDB-B0B4-CEA4CA155C60}"
EndProject
Global
	GlobalSection(SolutionConfigurationPlatforms) = preSolution
		Debug|Any CPU = Debug|Any CPU
		Release|Any CPU = Release|Any CPU
	EndGlobalSection
	GlobalSection(ProjectConfigurationPlatforms) = postSolution
		{D6B84899-4AFC-4E6C-9C3F-005F21DF5A52}.Debug|Any CPU.ActiveCfg = Debug|Any CPU
		{D6B84899-4AFC-4E6C-9C3F-005F21DF5A52}.Debug|Any CPU.Build.0 = Debug|Any CPU
		{D6B84899-4AFC-4E6C-9C3F-005F21DF5A52}.Release|Any CPU.ActiveCfg = Release|Any CPU
		{D6B84899-4AFC-4E6C-9C3F-005F21DF5A52}.Release|Any CPU.Build.0 = Release|Any CPU
		{DA6A30AC-CCA5-40BA-94A1-93E142E06515}.Debug|Any CPU.ActiveCfg = Debug|Any CPU
		{DA6A30AC-CCA5-40BA-94A1-93E142E06515}.Debug|Any CPU.Build.0 = Debug|Any CPU
		{DA6A30AC-CCA5-40BA-94A1-93E142E06515}.Release|Any CPU.ActiveCfg = Release|Any CPU
		{DA6A30AC-CCA5-40BA-94A1-93E142E06515}.Release|Any CPU.Build.0 = Release|Any CPU
		{91D39618-AF73-4A28-9145-2DAC63437762}.Debug|Any CPU.ActiveCfg = Debug|Any CPU
		{91D39618-AF73-4A28-9145-2DAC63437762}.Debug|Any CPU.Build.0 = Debug|Any CPU
		{91D39618-AF73-4A28-9145-2DAC63437762}.Release|Any CPU.ActiveCfg = Release|Any CPU
		{91D39618-AF73-4A28-9145-2DAC63437762}.Release|Any CPU.Build.0 = Release|Any CPU
		{1A8F7E6B-F9EE-46A7-ABB2-F09E7784B1BD}.Debug|Any CPU.ActiveCfg = Debug|Any CPU
		{1A8F7E6B-F9EE-46A7-ABB2-F09E7784B1BD}.Debug|Any CPU.Build.0 = Debug|Any CPU
		{1A8F7E6B-F9EE-46A7-ABB2-F09E7784B1BD}.Release|Any CPU.ActiveCfg = Release|Any CPU
		{1A8F7E6B-F9EE-46A7-ABB2-F09E7784B1BD}.Release|Any CPU.Build.0 = Release|Any CPU
		{07C90E5B-858E-4EB2-948B-8D0A698F439B}.Debug|Any CPU.ActiveCfg = Debug|Any CPU
		{07C90E5B-858E-4EB2-948B-8D0A698F439B}.Debug|Any CPU.Build.0 = Debug|Any CPU
		{07C90E5B-858E-4EB2-948B-8D0A698F439B}.Release|Any CPU.ActiveCfg = Release|Any CPU
		{07C90E5B-858E-4EB2-948B-8D0A698F439B}.Release|Any CPU.Build.0 = Release|Any CPU
		{C863B0F3-46AF-46A3-93E9-5B1CEFA18896}.Debug|Any CPU.ActiveCfg = Debug|Any CPU
		{C863B0F3-46AF-46A3-93E9-5B1CEFA18896}.Debug|Any CPU.Build.0 = Debug|Any CPU
		{C863B0F3-46AF-46A3-93E9-5B1CEFA18896}.Release|Any CPU.ActiveCfg = Release|Any CPU
		{C863B0F3-46AF-46A3-93E9-5B1CEFA18896}.Release|Any CPU.Build.0 = Release|Any CPU
		{BD186721-EE51-40B2-A546-91EDDE122998}.Debug|Any CPU.ActiveCfg = Debug|Any CPU
		{BD186721-EE51-40B2-A546-91EDDE122998}.Debug|Any CPU.Build.0 = Debug|Any CPU
		{BD186721-EE51-40B2-A546-91EDDE122998}.Release|Any CPU.ActiveCfg = Release|Any CPU
		{BD186721-EE51-40B2-A546-91EDDE122998}.Release|Any CPU.Build.0 = Release|Any CPU
		{A91CDEEB-C4D5-402B-9B42-D91E0151F30E}.Debug|Any CPU.ActiveCfg = Debug|Any CPU
		{A91CDEEB-C4D5-402B-9B42-D91E0151F30E}.Debug|Any CPU.Build.0 = Debug|Any CPU
		{A91CDEEB-C4D5-402B-9B42-D91E0151F30E}.Release|Any CPU.ActiveCfg = Release|Any CPU
		{A91CDEEB-C4D5-402B-9B42-D91E0151F30E}.Release|Any CPU.Build.0 = Release|Any CPU
		{A4E8994A-3C32-4800-9424-3704D5DCFB9A}.Ad-Hoc|Any CPU.ActiveCfg = Debug|Any CPU
		{A4E8994A-3C32-4800-9424-3704D5DCFB9A}.Ad-Hoc|Any CPU.Build.0 = Debug|Any CPU
		{A4E8994A-3C32-4800-9424-3704D5DCFB9A}.Ad-Hoc|ARM.ActiveCfg = Debug|Any CPU
		{A4E8994A-3C32-4800-9424-3704D5DCFB9A}.Ad-Hoc|ARM.Build.0 = Debug|Any CPU
		{A4E8994A-3C32-4800-9424-3704D5DCFB9A}.Ad-Hoc|ARM64.ActiveCfg = Debug|Any CPU
		{A4E8994A-3C32-4800-9424-3704D5DCFB9A}.Ad-Hoc|ARM64.Build.0 = Debug|Any CPU
		{A4E8994A-3C32-4800-9424-3704D5DCFB9A}.Ad-Hoc|iPhone.ActiveCfg = Debug|Any CPU
		{A4E8994A-3C32-4800-9424-3704D5DCFB9A}.Ad-Hoc|iPhone.Build.0 = Debug|Any CPU
		{A4E8994A-3C32-4800-9424-3704D5DCFB9A}.Ad-Hoc|iPhoneSimulator.ActiveCfg = Debug|Any CPU
		{A4E8994A-3C32-4800-9424-3704D5DCFB9A}.Ad-Hoc|iPhoneSimulator.Build.0 = Debug|Any CPU
		{A4E8994A-3C32-4800-9424-3704D5DCFB9A}.Ad-Hoc|x64.ActiveCfg = Debug|Any CPU
		{A4E8994A-3C32-4800-9424-3704D5DCFB9A}.Ad-Hoc|x64.Build.0 = Debug|Any CPU
		{A4E8994A-3C32-4800-9424-3704D5DCFB9A}.Ad-Hoc|x86.ActiveCfg = Debug|Any CPU
		{A4E8994A-3C32-4800-9424-3704D5DCFB9A}.Ad-Hoc|x86.Build.0 = Debug|Any CPU
		{A4E8994A-3C32-4800-9424-3704D5DCFB9A}.AppStore|Any CPU.ActiveCfg = Debug|Any CPU
		{A4E8994A-3C32-4800-9424-3704D5DCFB9A}.AppStore|Any CPU.Build.0 = Debug|Any CPU
		{A4E8994A-3C32-4800-9424-3704D5DCFB9A}.AppStore|ARM.ActiveCfg = Debug|Any CPU
		{A4E8994A-3C32-4800-9424-3704D5DCFB9A}.AppStore|ARM.Build.0 = Debug|Any CPU
		{A4E8994A-3C32-4800-9424-3704D5DCFB9A}.AppStore|ARM64.ActiveCfg = Debug|Any CPU
		{A4E8994A-3C32-4800-9424-3704D5DCFB9A}.AppStore|ARM64.Build.0 = Debug|Any CPU
		{A4E8994A-3C32-4800-9424-3704D5DCFB9A}.AppStore|iPhone.ActiveCfg = Debug|Any CPU
		{A4E8994A-3C32-4800-9424-3704D5DCFB9A}.AppStore|iPhone.Build.0 = Debug|Any CPU
		{A4E8994A-3C32-4800-9424-3704D5DCFB9A}.AppStore|iPhoneSimulator.ActiveCfg = Debug|Any CPU
		{A4E8994A-3C32-4800-9424-3704D5DCFB9A}.AppStore|iPhoneSimulator.Build.0 = Debug|Any CPU
		{A4E8994A-3C32-4800-9424-3704D5DCFB9A}.AppStore|x64.ActiveCfg = Debug|Any CPU
		{A4E8994A-3C32-4800-9424-3704D5DCFB9A}.AppStore|x64.Build.0 = Debug|Any CPU
		{A4E8994A-3C32-4800-9424-3704D5DCFB9A}.AppStore|x86.ActiveCfg = Debug|Any CPU
		{A4E8994A-3C32-4800-9424-3704D5DCFB9A}.AppStore|x86.Build.0 = Debug|Any CPU
		{A4E8994A-3C32-4800-9424-3704D5DCFB9A}.Debug|Any CPU.ActiveCfg = Debug|Any CPU
		{A4E8994A-3C32-4800-9424-3704D5DCFB9A}.Debug|Any CPU.Build.0 = Debug|Any CPU
		{A4E8994A-3C32-4800-9424-3704D5DCFB9A}.Debug|ARM.ActiveCfg = Debug|Any CPU
		{A4E8994A-3C32-4800-9424-3704D5DCFB9A}.Debug|ARM.Build.0 = Debug|Any CPU
		{A4E8994A-3C32-4800-9424-3704D5DCFB9A}.Debug|ARM64.ActiveCfg = Debug|Any CPU
		{A4E8994A-3C32-4800-9424-3704D5DCFB9A}.Debug|ARM64.Build.0 = Debug|Any CPU
		{A4E8994A-3C32-4800-9424-3704D5DCFB9A}.Debug|iPhone.ActiveCfg = Debug|Any CPU
		{A4E8994A-3C32-4800-9424-3704D5DCFB9A}.Debug|iPhone.Build.0 = Debug|Any CPU
		{A4E8994A-3C32-4800-9424-3704D5DCFB9A}.Debug|iPhoneSimulator.ActiveCfg = Debug|Any CPU
		{A4E8994A-3C32-4800-9424-3704D5DCFB9A}.Debug|iPhoneSimulator.Build.0 = Debug|Any CPU
		{A4E8994A-3C32-4800-9424-3704D5DCFB9A}.Debug|x64.ActiveCfg = Debug|Any CPU
		{A4E8994A-3C32-4800-9424-3704D5DCFB9A}.Debug|x64.Build.0 = Debug|Any CPU
		{A4E8994A-3C32-4800-9424-3704D5DCFB9A}.Debug|x86.ActiveCfg = Debug|Any CPU
		{A4E8994A-3C32-4800-9424-3704D5DCFB9A}.Debug|x86.Build.0 = Debug|Any CPU
		{A4E8994A-3C32-4800-9424-3704D5DCFB9A}.Release|Any CPU.ActiveCfg = Release|Any CPU
		{A4E8994A-3C32-4800-9424-3704D5DCFB9A}.Release|Any CPU.Build.0 = Release|Any CPU
		{A4E8994A-3C32-4800-9424-3704D5DCFB9A}.Release|ARM.ActiveCfg = Release|Any CPU
		{A4E8994A-3C32-4800-9424-3704D5DCFB9A}.Release|ARM.Build.0 = Release|Any CPU
		{A4E8994A-3C32-4800-9424-3704D5DCFB9A}.Release|ARM64.ActiveCfg = Release|Any CPU
		{A4E8994A-3C32-4800-9424-3704D5DCFB9A}.Release|ARM64.Build.0 = Release|Any CPU
		{A4E8994A-3C32-4800-9424-3704D5DCFB9A}.Release|iPhone.ActiveCfg = Release|Any CPU
		{A4E8994A-3C32-4800-9424-3704D5DCFB9A}.Release|iPhone.Build.0 = Release|Any CPU
		{A4E8994A-3C32-4800-9424-3704D5DCFB9A}.Release|iPhoneSimulator.ActiveCfg = Release|Any CPU
		{A4E8994A-3C32-4800-9424-3704D5DCFB9A}.Release|iPhoneSimulator.Build.0 = Release|Any CPU
		{A4E8994A-3C32-4800-9424-3704D5DCFB9A}.Release|x64.ActiveCfg = Release|Any CPU
		{A4E8994A-3C32-4800-9424-3704D5DCFB9A}.Release|x64.Build.0 = Release|Any CPU
		{A4E8994A-3C32-4800-9424-3704D5DCFB9A}.Release|x86.ActiveCfg = Release|Any CPU
		{A4E8994A-3C32-4800-9424-3704D5DCFB9A}.Release|x86.Build.0 = Release|Any CPU
		{A4E8994A-3C32-4800-9424-3704D5DCFB9A}.Sample Release|Any CPU.ActiveCfg = Debug|Any CPU
		{A4E8994A-3C32-4800-9424-3704D5DCFB9A}.Sample Release|Any CPU.Build.0 = Debug|Any CPU
		{A4E8994A-3C32-4800-9424-3704D5DCFB9A}.Sample Release|ARM.ActiveCfg = Debug|Any CPU
		{A4E8994A-3C32-4800-9424-3704D5DCFB9A}.Sample Release|ARM.Build.0 = Debug|Any CPU
		{A4E8994A-3C32-4800-9424-3704D5DCFB9A}.Sample Release|ARM64.ActiveCfg = Debug|Any CPU
		{A4E8994A-3C32-4800-9424-3704D5DCFB9A}.Sample Release|ARM64.Build.0 = Debug|Any CPU
		{A4E8994A-3C32-4800-9424-3704D5DCFB9A}.Sample Release|iPhone.ActiveCfg = Debug|Any CPU
		{A4E8994A-3C32-4800-9424-3704D5DCFB9A}.Sample Release|iPhone.Build.0 = Debug|Any CPU
		{A4E8994A-3C32-4800-9424-3704D5DCFB9A}.Sample Release|iPhoneSimulator.ActiveCfg = Debug|Any CPU
		{A4E8994A-3C32-4800-9424-3704D5DCFB9A}.Sample Release|iPhoneSimulator.Build.0 = Debug|Any CPU
		{A4E8994A-3C32-4800-9424-3704D5DCFB9A}.Sample Release|x64.ActiveCfg = Debug|Any CPU
		{A4E8994A-3C32-4800-9424-3704D5DCFB9A}.Sample Release|x64.Build.0 = Debug|Any CPU
		{A4E8994A-3C32-4800-9424-3704D5DCFB9A}.Sample Release|x86.ActiveCfg = Debug|Any CPU
		{A4E8994A-3C32-4800-9424-3704D5DCFB9A}.Sample Release|x86.Build.0 = Debug|Any CPU
		{4A80AAED-0991-4AF0-9DFB-BCD6156A54CA}.Ad-Hoc|Any CPU.ActiveCfg = Debug|Any CPU
		{4A80AAED-0991-4AF0-9DFB-BCD6156A54CA}.Ad-Hoc|Any CPU.Build.0 = Debug|Any CPU
		{4A80AAED-0991-4AF0-9DFB-BCD6156A54CA}.Ad-Hoc|ARM.ActiveCfg = Debug|Any CPU
		{4A80AAED-0991-4AF0-9DFB-BCD6156A54CA}.Ad-Hoc|ARM.Build.0 = Debug|Any CPU
		{4A80AAED-0991-4AF0-9DFB-BCD6156A54CA}.Ad-Hoc|ARM64.ActiveCfg = Debug|Any CPU
		{4A80AAED-0991-4AF0-9DFB-BCD6156A54CA}.Ad-Hoc|ARM64.Build.0 = Debug|Any CPU
		{4A80AAED-0991-4AF0-9DFB-BCD6156A54CA}.Ad-Hoc|iPhone.ActiveCfg = Debug|Any CPU
		{4A80AAED-0991-4AF0-9DFB-BCD6156A54CA}.Ad-Hoc|iPhone.Build.0 = Debug|Any CPU
		{4A80AAED-0991-4AF0-9DFB-BCD6156A54CA}.Ad-Hoc|iPhoneSimulator.ActiveCfg = Debug|Any CPU
		{4A80AAED-0991-4AF0-9DFB-BCD6156A54CA}.Ad-Hoc|iPhoneSimulator.Build.0 = Debug|Any CPU
		{4A80AAED-0991-4AF0-9DFB-BCD6156A54CA}.Ad-Hoc|x64.ActiveCfg = Debug|Any CPU
		{4A80AAED-0991-4AF0-9DFB-BCD6156A54CA}.Ad-Hoc|x64.Build.0 = Debug|Any CPU
		{4A80AAED-0991-4AF0-9DFB-BCD6156A54CA}.Ad-Hoc|x86.ActiveCfg = Debug|Any CPU
		{4A80AAED-0991-4AF0-9DFB-BCD6156A54CA}.Ad-Hoc|x86.Build.0 = Debug|Any CPU
		{4A80AAED-0991-4AF0-9DFB-BCD6156A54CA}.AppStore|Any CPU.ActiveCfg = Debug|Any CPU
		{4A80AAED-0991-4AF0-9DFB-BCD6156A54CA}.AppStore|Any CPU.Build.0 = Debug|Any CPU
		{4A80AAED-0991-4AF0-9DFB-BCD6156A54CA}.AppStore|ARM.ActiveCfg = Debug|Any CPU
		{4A80AAED-0991-4AF0-9DFB-BCD6156A54CA}.AppStore|ARM.Build.0 = Debug|Any CPU
		{4A80AAED-0991-4AF0-9DFB-BCD6156A54CA}.AppStore|ARM64.ActiveCfg = Debug|Any CPU
		{4A80AAED-0991-4AF0-9DFB-BCD6156A54CA}.AppStore|ARM64.Build.0 = Debug|Any CPU
		{4A80AAED-0991-4AF0-9DFB-BCD6156A54CA}.AppStore|iPhone.ActiveCfg = Debug|Any CPU
		{4A80AAED-0991-4AF0-9DFB-BCD6156A54CA}.AppStore|iPhone.Build.0 = Debug|Any CPU
		{4A80AAED-0991-4AF0-9DFB-BCD6156A54CA}.AppStore|iPhoneSimulator.ActiveCfg = Debug|Any CPU
		{4A80AAED-0991-4AF0-9DFB-BCD6156A54CA}.AppStore|iPhoneSimulator.Build.0 = Debug|Any CPU
		{4A80AAED-0991-4AF0-9DFB-BCD6156A54CA}.AppStore|x64.ActiveCfg = Debug|Any CPU
		{4A80AAED-0991-4AF0-9DFB-BCD6156A54CA}.AppStore|x64.Build.0 = Debug|Any CPU
		{4A80AAED-0991-4AF0-9DFB-BCD6156A54CA}.AppStore|x86.ActiveCfg = Debug|Any CPU
		{4A80AAED-0991-4AF0-9DFB-BCD6156A54CA}.AppStore|x86.Build.0 = Debug|Any CPU
		{4A80AAED-0991-4AF0-9DFB-BCD6156A54CA}.Debug|Any CPU.ActiveCfg = Debug|Any CPU
		{4A80AAED-0991-4AF0-9DFB-BCD6156A54CA}.Debug|Any CPU.Build.0 = Debug|Any CPU
		{4A80AAED-0991-4AF0-9DFB-BCD6156A54CA}.Debug|ARM.ActiveCfg = Debug|Any CPU
		{4A80AAED-0991-4AF0-9DFB-BCD6156A54CA}.Debug|ARM.Build.0 = Debug|Any CPU
		{4A80AAED-0991-4AF0-9DFB-BCD6156A54CA}.Debug|ARM64.ActiveCfg = Debug|Any CPU
		{4A80AAED-0991-4AF0-9DFB-BCD6156A54CA}.Debug|ARM64.Build.0 = Debug|Any CPU
		{4A80AAED-0991-4AF0-9DFB-BCD6156A54CA}.Debug|iPhone.ActiveCfg = Debug|Any CPU
		{4A80AAED-0991-4AF0-9DFB-BCD6156A54CA}.Debug|iPhone.Build.0 = Debug|Any CPU
		{4A80AAED-0991-4AF0-9DFB-BCD6156A54CA}.Debug|iPhoneSimulator.ActiveCfg = Debug|Any CPU
		{4A80AAED-0991-4AF0-9DFB-BCD6156A54CA}.Debug|iPhoneSimulator.Build.0 = Debug|Any CPU
		{4A80AAED-0991-4AF0-9DFB-BCD6156A54CA}.Debug|x64.ActiveCfg = Debug|Any CPU
		{4A80AAED-0991-4AF0-9DFB-BCD6156A54CA}.Debug|x64.Build.0 = Debug|Any CPU
		{4A80AAED-0991-4AF0-9DFB-BCD6156A54CA}.Debug|x86.ActiveCfg = Debug|Any CPU
		{4A80AAED-0991-4AF0-9DFB-BCD6156A54CA}.Debug|x86.Build.0 = Debug|Any CPU
		{4A80AAED-0991-4AF0-9DFB-BCD6156A54CA}.Release|Any CPU.ActiveCfg = Release|Any CPU
		{4A80AAED-0991-4AF0-9DFB-BCD6156A54CA}.Release|Any CPU.Build.0 = Release|Any CPU
		{4A80AAED-0991-4AF0-9DFB-BCD6156A54CA}.Release|ARM.ActiveCfg = Release|Any CPU
		{4A80AAED-0991-4AF0-9DFB-BCD6156A54CA}.Release|ARM.Build.0 = Release|Any CPU
		{4A80AAED-0991-4AF0-9DFB-BCD6156A54CA}.Release|ARM64.ActiveCfg = Release|Any CPU
		{4A80AAED-0991-4AF0-9DFB-BCD6156A54CA}.Release|ARM64.Build.0 = Release|Any CPU
		{4A80AAED-0991-4AF0-9DFB-BCD6156A54CA}.Release|iPhone.ActiveCfg = Release|Any CPU
		{4A80AAED-0991-4AF0-9DFB-BCD6156A54CA}.Release|iPhone.Build.0 = Release|Any CPU
		{4A80AAED-0991-4AF0-9DFB-BCD6156A54CA}.Release|iPhoneSimulator.ActiveCfg = Release|Any CPU
		{4A80AAED-0991-4AF0-9DFB-BCD6156A54CA}.Release|iPhoneSimulator.Build.0 = Release|Any CPU
		{4A80AAED-0991-4AF0-9DFB-BCD6156A54CA}.Release|x64.ActiveCfg = Release|Any CPU
		{4A80AAED-0991-4AF0-9DFB-BCD6156A54CA}.Release|x64.Build.0 = Release|Any CPU
		{4A80AAED-0991-4AF0-9DFB-BCD6156A54CA}.Release|x86.ActiveCfg = Release|Any CPU
		{4A80AAED-0991-4AF0-9DFB-BCD6156A54CA}.Release|x86.Build.0 = Release|Any CPU
		{4A80AAED-0991-4AF0-9DFB-BCD6156A54CA}.Sample Release|Any CPU.ActiveCfg = Debug|Any CPU
		{4A80AAED-0991-4AF0-9DFB-BCD6156A54CA}.Sample Release|Any CPU.Build.0 = Debug|Any CPU
		{4A80AAED-0991-4AF0-9DFB-BCD6156A54CA}.Sample Release|ARM.ActiveCfg = Debug|Any CPU
		{4A80AAED-0991-4AF0-9DFB-BCD6156A54CA}.Sample Release|ARM.Build.0 = Debug|Any CPU
		{4A80AAED-0991-4AF0-9DFB-BCD6156A54CA}.Sample Release|ARM64.ActiveCfg = Debug|Any CPU
		{4A80AAED-0991-4AF0-9DFB-BCD6156A54CA}.Sample Release|ARM64.Build.0 = Debug|Any CPU
		{4A80AAED-0991-4AF0-9DFB-BCD6156A54CA}.Sample Release|iPhone.ActiveCfg = Debug|Any CPU
		{4A80AAED-0991-4AF0-9DFB-BCD6156A54CA}.Sample Release|iPhone.Build.0 = Debug|Any CPU
		{4A80AAED-0991-4AF0-9DFB-BCD6156A54CA}.Sample Release|iPhoneSimulator.ActiveCfg = Debug|Any CPU
		{4A80AAED-0991-4AF0-9DFB-BCD6156A54CA}.Sample Release|iPhoneSimulator.Build.0 = Debug|Any CPU
		{4A80AAED-0991-4AF0-9DFB-BCD6156A54CA}.Sample Release|x64.ActiveCfg = Debug|Any CPU
		{4A80AAED-0991-4AF0-9DFB-BCD6156A54CA}.Sample Release|x64.Build.0 = Debug|Any CPU
		{4A80AAED-0991-4AF0-9DFB-BCD6156A54CA}.Sample Release|x86.ActiveCfg = Debug|Any CPU
		{4A80AAED-0991-4AF0-9DFB-BCD6156A54CA}.Sample Release|x86.Build.0 = Debug|Any CPU
		{7A5366E5-E733-497D-BD2D-9429C71E2FA9}.Ad-Hoc|Any CPU.ActiveCfg = Debug|Any CPU
		{7A5366E5-E733-497D-BD2D-9429C71E2FA9}.Ad-Hoc|Any CPU.Build.0 = Debug|Any CPU
		{7A5366E5-E733-497D-BD2D-9429C71E2FA9}.Ad-Hoc|ARM.ActiveCfg = Debug|Any CPU
		{7A5366E5-E733-497D-BD2D-9429C71E2FA9}.Ad-Hoc|ARM.Build.0 = Debug|Any CPU
		{7A5366E5-E733-497D-BD2D-9429C71E2FA9}.Ad-Hoc|ARM64.ActiveCfg = Debug|Any CPU
		{7A5366E5-E733-497D-BD2D-9429C71E2FA9}.Ad-Hoc|ARM64.Build.0 = Debug|Any CPU
		{7A5366E5-E733-497D-BD2D-9429C71E2FA9}.Ad-Hoc|iPhone.ActiveCfg = Debug|Any CPU
		{7A5366E5-E733-497D-BD2D-9429C71E2FA9}.Ad-Hoc|iPhone.Build.0 = Debug|Any CPU
		{7A5366E5-E733-497D-BD2D-9429C71E2FA9}.Ad-Hoc|iPhoneSimulator.ActiveCfg = Debug|Any CPU
		{7A5366E5-E733-497D-BD2D-9429C71E2FA9}.Ad-Hoc|iPhoneSimulator.Build.0 = Debug|Any CPU
		{7A5366E5-E733-497D-BD2D-9429C71E2FA9}.Ad-Hoc|x64.ActiveCfg = Debug|Any CPU
		{7A5366E5-E733-497D-BD2D-9429C71E2FA9}.Ad-Hoc|x64.Build.0 = Debug|Any CPU
		{7A5366E5-E733-497D-BD2D-9429C71E2FA9}.Ad-Hoc|x86.ActiveCfg = Debug|Any CPU
		{7A5366E5-E733-497D-BD2D-9429C71E2FA9}.Ad-Hoc|x86.Build.0 = Debug|Any CPU
		{7A5366E5-E733-497D-BD2D-9429C71E2FA9}.AppStore|Any CPU.ActiveCfg = Debug|Any CPU
		{7A5366E5-E733-497D-BD2D-9429C71E2FA9}.AppStore|Any CPU.Build.0 = Debug|Any CPU
		{7A5366E5-E733-497D-BD2D-9429C71E2FA9}.AppStore|ARM.ActiveCfg = Debug|Any CPU
		{7A5366E5-E733-497D-BD2D-9429C71E2FA9}.AppStore|ARM.Build.0 = Debug|Any CPU
		{7A5366E5-E733-497D-BD2D-9429C71E2FA9}.AppStore|ARM64.ActiveCfg = Debug|Any CPU
		{7A5366E5-E733-497D-BD2D-9429C71E2FA9}.AppStore|ARM64.Build.0 = Debug|Any CPU
		{7A5366E5-E733-497D-BD2D-9429C71E2FA9}.AppStore|iPhone.ActiveCfg = Debug|Any CPU
		{7A5366E5-E733-497D-BD2D-9429C71E2FA9}.AppStore|iPhone.Build.0 = Debug|Any CPU
		{7A5366E5-E733-497D-BD2D-9429C71E2FA9}.AppStore|iPhoneSimulator.ActiveCfg = Debug|Any CPU
		{7A5366E5-E733-497D-BD2D-9429C71E2FA9}.AppStore|iPhoneSimulator.Build.0 = Debug|Any CPU
		{7A5366E5-E733-497D-BD2D-9429C71E2FA9}.AppStore|x64.ActiveCfg = Debug|Any CPU
		{7A5366E5-E733-497D-BD2D-9429C71E2FA9}.AppStore|x64.Build.0 = Debug|Any CPU
		{7A5366E5-E733-497D-BD2D-9429C71E2FA9}.AppStore|x86.ActiveCfg = Debug|Any CPU
		{7A5366E5-E733-497D-BD2D-9429C71E2FA9}.AppStore|x86.Build.0 = Debug|Any CPU
		{7A5366E5-E733-497D-BD2D-9429C71E2FA9}.Debug|Any CPU.ActiveCfg = Debug|Any CPU
		{7A5366E5-E733-497D-BD2D-9429C71E2FA9}.Debug|Any CPU.Build.0 = Debug|Any CPU
		{7A5366E5-E733-497D-BD2D-9429C71E2FA9}.Debug|ARM.ActiveCfg = Debug|Any CPU
		{7A5366E5-E733-497D-BD2D-9429C71E2FA9}.Debug|ARM.Build.0 = Debug|Any CPU
		{7A5366E5-E733-497D-BD2D-9429C71E2FA9}.Debug|ARM64.ActiveCfg = Debug|Any CPU
		{7A5366E5-E733-497D-BD2D-9429C71E2FA9}.Debug|ARM64.Build.0 = Debug|Any CPU
		{7A5366E5-E733-497D-BD2D-9429C71E2FA9}.Debug|iPhone.ActiveCfg = Debug|Any CPU
		{7A5366E5-E733-497D-BD2D-9429C71E2FA9}.Debug|iPhone.Build.0 = Debug|Any CPU
		{7A5366E5-E733-497D-BD2D-9429C71E2FA9}.Debug|iPhoneSimulator.ActiveCfg = Debug|Any CPU
		{7A5366E5-E733-497D-BD2D-9429C71E2FA9}.Debug|iPhoneSimulator.Build.0 = Debug|Any CPU
		{7A5366E5-E733-497D-BD2D-9429C71E2FA9}.Debug|x64.ActiveCfg = Debug|Any CPU
		{7A5366E5-E733-497D-BD2D-9429C71E2FA9}.Debug|x64.Build.0 = Debug|Any CPU
		{7A5366E5-E733-497D-BD2D-9429C71E2FA9}.Debug|x86.ActiveCfg = Debug|Any CPU
		{7A5366E5-E733-497D-BD2D-9429C71E2FA9}.Debug|x86.Build.0 = Debug|Any CPU
		{7A5366E5-E733-497D-BD2D-9429C71E2FA9}.Release|Any CPU.ActiveCfg = Release|Any CPU
		{7A5366E5-E733-497D-BD2D-9429C71E2FA9}.Release|Any CPU.Build.0 = Release|Any CPU
		{7A5366E5-E733-497D-BD2D-9429C71E2FA9}.Release|ARM.ActiveCfg = Release|Any CPU
		{7A5366E5-E733-497D-BD2D-9429C71E2FA9}.Release|ARM.Build.0 = Release|Any CPU
		{7A5366E5-E733-497D-BD2D-9429C71E2FA9}.Release|ARM64.ActiveCfg = Release|Any CPU
		{7A5366E5-E733-497D-BD2D-9429C71E2FA9}.Release|ARM64.Build.0 = Release|Any CPU
		{7A5366E5-E733-497D-BD2D-9429C71E2FA9}.Release|iPhone.ActiveCfg = Release|Any CPU
		{7A5366E5-E733-497D-BD2D-9429C71E2FA9}.Release|iPhone.Build.0 = Release|Any CPU
		{7A5366E5-E733-497D-BD2D-9429C71E2FA9}.Release|iPhoneSimulator.ActiveCfg = Release|Any CPU
		{7A5366E5-E733-497D-BD2D-9429C71E2FA9}.Release|iPhoneSimulator.Build.0 = Release|Any CPU
		{7A5366E5-E733-497D-BD2D-9429C71E2FA9}.Release|x64.ActiveCfg = Release|Any CPU
		{7A5366E5-E733-497D-BD2D-9429C71E2FA9}.Release|x64.Build.0 = Release|Any CPU
		{7A5366E5-E733-497D-BD2D-9429C71E2FA9}.Release|x86.ActiveCfg = Release|Any CPU
		{7A5366E5-E733-497D-BD2D-9429C71E2FA9}.Release|x86.Build.0 = Release|Any CPU
		{7A5366E5-E733-497D-BD2D-9429C71E2FA9}.Sample Release|Any CPU.ActiveCfg = Debug|Any CPU
		{7A5366E5-E733-497D-BD2D-9429C71E2FA9}.Sample Release|Any CPU.Build.0 = Debug|Any CPU
		{7A5366E5-E733-497D-BD2D-9429C71E2FA9}.Sample Release|ARM.ActiveCfg = Debug|Any CPU
		{7A5366E5-E733-497D-BD2D-9429C71E2FA9}.Sample Release|ARM.Build.0 = Debug|Any CPU
		{7A5366E5-E733-497D-BD2D-9429C71E2FA9}.Sample Release|ARM64.ActiveCfg = Debug|Any CPU
		{7A5366E5-E733-497D-BD2D-9429C71E2FA9}.Sample Release|ARM64.Build.0 = Debug|Any CPU
		{7A5366E5-E733-497D-BD2D-9429C71E2FA9}.Sample Release|iPhone.ActiveCfg = Debug|Any CPU
		{7A5366E5-E733-497D-BD2D-9429C71E2FA9}.Sample Release|iPhone.Build.0 = Debug|Any CPU
		{7A5366E5-E733-497D-BD2D-9429C71E2FA9}.Sample Release|iPhoneSimulator.ActiveCfg = Debug|Any CPU
		{7A5366E5-E733-497D-BD2D-9429C71E2FA9}.Sample Release|iPhoneSimulator.Build.0 = Debug|Any CPU
		{7A5366E5-E733-497D-BD2D-9429C71E2FA9}.Sample Release|x64.ActiveCfg = Debug|Any CPU
		{7A5366E5-E733-497D-BD2D-9429C71E2FA9}.Sample Release|x64.Build.0 = Debug|Any CPU
		{7A5366E5-E733-497D-BD2D-9429C71E2FA9}.Sample Release|x86.ActiveCfg = Debug|Any CPU
		{7A5366E5-E733-497D-BD2D-9429C71E2FA9}.Sample Release|x86.Build.0 = Debug|Any CPU
		{A9CA4415-348A-4E2E-9EB1-3892BF9EFF32}.Ad-Hoc|Any CPU.ActiveCfg = Debug|Any CPU
		{A9CA4415-348A-4E2E-9EB1-3892BF9EFF32}.Ad-Hoc|Any CPU.Build.0 = Debug|Any CPU
		{A9CA4415-348A-4E2E-9EB1-3892BF9EFF32}.Ad-Hoc|ARM.ActiveCfg = Debug|Any CPU
		{A9CA4415-348A-4E2E-9EB1-3892BF9EFF32}.Ad-Hoc|ARM.Build.0 = Debug|Any CPU
		{A9CA4415-348A-4E2E-9EB1-3892BF9EFF32}.Ad-Hoc|ARM64.ActiveCfg = Debug|Any CPU
		{A9CA4415-348A-4E2E-9EB1-3892BF9EFF32}.Ad-Hoc|ARM64.Build.0 = Debug|Any CPU
		{A9CA4415-348A-4E2E-9EB1-3892BF9EFF32}.Ad-Hoc|iPhone.ActiveCfg = Debug|Any CPU
		{A9CA4415-348A-4E2E-9EB1-3892BF9EFF32}.Ad-Hoc|iPhone.Build.0 = Debug|Any CPU
		{A9CA4415-348A-4E2E-9EB1-3892BF9EFF32}.Ad-Hoc|iPhoneSimulator.ActiveCfg = Debug|Any CPU
		{A9CA4415-348A-4E2E-9EB1-3892BF9EFF32}.Ad-Hoc|iPhoneSimulator.Build.0 = Debug|Any CPU
		{A9CA4415-348A-4E2E-9EB1-3892BF9EFF32}.Ad-Hoc|x64.ActiveCfg = Debug|Any CPU
		{A9CA4415-348A-4E2E-9EB1-3892BF9EFF32}.Ad-Hoc|x64.Build.0 = Debug|Any CPU
		{A9CA4415-348A-4E2E-9EB1-3892BF9EFF32}.Ad-Hoc|x86.ActiveCfg = Debug|Any CPU
		{A9CA4415-348A-4E2E-9EB1-3892BF9EFF32}.Ad-Hoc|x86.Build.0 = Debug|Any CPU
		{A9CA4415-348A-4E2E-9EB1-3892BF9EFF32}.AppStore|Any CPU.ActiveCfg = Debug|Any CPU
		{A9CA4415-348A-4E2E-9EB1-3892BF9EFF32}.AppStore|Any CPU.Build.0 = Debug|Any CPU
		{A9CA4415-348A-4E2E-9EB1-3892BF9EFF32}.AppStore|ARM.ActiveCfg = Debug|Any CPU
		{A9CA4415-348A-4E2E-9EB1-3892BF9EFF32}.AppStore|ARM.Build.0 = Debug|Any CPU
		{A9CA4415-348A-4E2E-9EB1-3892BF9EFF32}.AppStore|ARM64.ActiveCfg = Debug|Any CPU
		{A9CA4415-348A-4E2E-9EB1-3892BF9EFF32}.AppStore|ARM64.Build.0 = Debug|Any CPU
		{A9CA4415-348A-4E2E-9EB1-3892BF9EFF32}.AppStore|iPhone.ActiveCfg = Debug|Any CPU
		{A9CA4415-348A-4E2E-9EB1-3892BF9EFF32}.AppStore|iPhone.Build.0 = Debug|Any CPU
		{A9CA4415-348A-4E2E-9EB1-3892BF9EFF32}.AppStore|iPhoneSimulator.ActiveCfg = Debug|Any CPU
		{A9CA4415-348A-4E2E-9EB1-3892BF9EFF32}.AppStore|iPhoneSimulator.Build.0 = Debug|Any CPU
		{A9CA4415-348A-4E2E-9EB1-3892BF9EFF32}.AppStore|x64.ActiveCfg = Debug|Any CPU
		{A9CA4415-348A-4E2E-9EB1-3892BF9EFF32}.AppStore|x64.Build.0 = Debug|Any CPU
		{A9CA4415-348A-4E2E-9EB1-3892BF9EFF32}.AppStore|x86.ActiveCfg = Debug|Any CPU
		{A9CA4415-348A-4E2E-9EB1-3892BF9EFF32}.AppStore|x86.Build.0 = Debug|Any CPU
		{A9CA4415-348A-4E2E-9EB1-3892BF9EFF32}.Debug|Any CPU.ActiveCfg = Debug|Any CPU
		{A9CA4415-348A-4E2E-9EB1-3892BF9EFF32}.Debug|Any CPU.Build.0 = Debug|Any CPU
		{A9CA4415-348A-4E2E-9EB1-3892BF9EFF32}.Debug|ARM.ActiveCfg = Debug|Any CPU
		{A9CA4415-348A-4E2E-9EB1-3892BF9EFF32}.Debug|ARM.Build.0 = Debug|Any CPU
		{A9CA4415-348A-4E2E-9EB1-3892BF9EFF32}.Debug|ARM64.ActiveCfg = Debug|Any CPU
		{A9CA4415-348A-4E2E-9EB1-3892BF9EFF32}.Debug|ARM64.Build.0 = Debug|Any CPU
		{A9CA4415-348A-4E2E-9EB1-3892BF9EFF32}.Debug|iPhone.ActiveCfg = Debug|Any CPU
		{A9CA4415-348A-4E2E-9EB1-3892BF9EFF32}.Debug|iPhone.Build.0 = Debug|Any CPU
		{A9CA4415-348A-4E2E-9EB1-3892BF9EFF32}.Debug|iPhoneSimulator.ActiveCfg = Debug|Any CPU
		{A9CA4415-348A-4E2E-9EB1-3892BF9EFF32}.Debug|iPhoneSimulator.Build.0 = Debug|Any CPU
		{A9CA4415-348A-4E2E-9EB1-3892BF9EFF32}.Debug|x64.ActiveCfg = Debug|Any CPU
		{A9CA4415-348A-4E2E-9EB1-3892BF9EFF32}.Debug|x64.Build.0 = Debug|Any CPU
		{A9CA4415-348A-4E2E-9EB1-3892BF9EFF32}.Debug|x86.ActiveCfg = Debug|Any CPU
		{A9CA4415-348A-4E2E-9EB1-3892BF9EFF32}.Debug|x86.Build.0 = Debug|Any CPU
		{A9CA4415-348A-4E2E-9EB1-3892BF9EFF32}.Release|Any CPU.ActiveCfg = Release|Any CPU
		{A9CA4415-348A-4E2E-9EB1-3892BF9EFF32}.Release|Any CPU.Build.0 = Release|Any CPU
		{A9CA4415-348A-4E2E-9EB1-3892BF9EFF32}.Release|ARM.ActiveCfg = Release|Any CPU
		{A9CA4415-348A-4E2E-9EB1-3892BF9EFF32}.Release|ARM.Build.0 = Release|Any CPU
		{A9CA4415-348A-4E2E-9EB1-3892BF9EFF32}.Release|ARM64.ActiveCfg = Release|Any CPU
		{A9CA4415-348A-4E2E-9EB1-3892BF9EFF32}.Release|ARM64.Build.0 = Release|Any CPU
		{A9CA4415-348A-4E2E-9EB1-3892BF9EFF32}.Release|iPhone.ActiveCfg = Release|Any CPU
		{A9CA4415-348A-4E2E-9EB1-3892BF9EFF32}.Release|iPhone.Build.0 = Release|Any CPU
		{A9CA4415-348A-4E2E-9EB1-3892BF9EFF32}.Release|iPhoneSimulator.ActiveCfg = Release|Any CPU
		{A9CA4415-348A-4E2E-9EB1-3892BF9EFF32}.Release|iPhoneSimulator.Build.0 = Release|Any CPU
		{A9CA4415-348A-4E2E-9EB1-3892BF9EFF32}.Release|x64.ActiveCfg = Release|Any CPU
		{A9CA4415-348A-4E2E-9EB1-3892BF9EFF32}.Release|x64.Build.0 = Release|Any CPU
		{A9CA4415-348A-4E2E-9EB1-3892BF9EFF32}.Release|x86.ActiveCfg = Release|Any CPU
		{A9CA4415-348A-4E2E-9EB1-3892BF9EFF32}.Release|x86.Build.0 = Release|Any CPU
		{A9CA4415-348A-4E2E-9EB1-3892BF9EFF32}.Sample Release|Any CPU.ActiveCfg = Debug|Any CPU
		{A9CA4415-348A-4E2E-9EB1-3892BF9EFF32}.Sample Release|Any CPU.Build.0 = Debug|Any CPU
		{A9CA4415-348A-4E2E-9EB1-3892BF9EFF32}.Sample Release|ARM.ActiveCfg = Debug|Any CPU
		{A9CA4415-348A-4E2E-9EB1-3892BF9EFF32}.Sample Release|ARM.Build.0 = Debug|Any CPU
		{A9CA4415-348A-4E2E-9EB1-3892BF9EFF32}.Sample Release|ARM64.ActiveCfg = Debug|Any CPU
		{A9CA4415-348A-4E2E-9EB1-3892BF9EFF32}.Sample Release|ARM64.Build.0 = Debug|Any CPU
		{A9CA4415-348A-4E2E-9EB1-3892BF9EFF32}.Sample Release|iPhone.ActiveCfg = Debug|Any CPU
		{A9CA4415-348A-4E2E-9EB1-3892BF9EFF32}.Sample Release|iPhone.Build.0 = Debug|Any CPU
		{A9CA4415-348A-4E2E-9EB1-3892BF9EFF32}.Sample Release|iPhoneSimulator.ActiveCfg = Debug|Any CPU
		{A9CA4415-348A-4E2E-9EB1-3892BF9EFF32}.Sample Release|iPhoneSimulator.Build.0 = Debug|Any CPU
		{A9CA4415-348A-4E2E-9EB1-3892BF9EFF32}.Sample Release|x64.ActiveCfg = Debug|Any CPU
		{A9CA4415-348A-4E2E-9EB1-3892BF9EFF32}.Sample Release|x64.Build.0 = Debug|Any CPU
		{A9CA4415-348A-4E2E-9EB1-3892BF9EFF32}.Sample Release|x86.ActiveCfg = Debug|Any CPU
		{A9CA4415-348A-4E2E-9EB1-3892BF9EFF32}.Sample Release|x86.Build.0 = Debug|Any CPU
	EndGlobalSection
	GlobalSection(SolutionProperties) = preSolution
		HideSolutionNode = FALSE
	EndGlobalSection

	GlobalSection(ExtensibilityGlobals) = postSolution
		SolutionGuid = {5DD8FF23-E55B-4675-A15F-2E0DB2E10CC3}
	EndGlobalSection
	GlobalSection(NestedProjects) = preSolution
	EndGlobalSection
EndGlobal
